
Microsoft Visual Studio Solution File, Format Version 12.00
# Visual Studio 14
VisualStudioVersion = 14.0.25420.1
MinimumVisualStudioVersion = 10.0.40219.1
Project("{8BC9CEB8-8B4A-11D0-8D11-00A0C91BC942}") = "Analyzer", "Analyzer\Analyzer.vcxproj", "{B12702AD-ABFB-343A-A199-8E24837244A3}"
	ProjectSection(ProjectDependencies) = postProject
		{FD911381-65A0-484B-B088-F9D4E1977934} = {FD911381-65A0-484B-B088-F9D4E1977934}
	EndProjectSection
EndProject
Project("{8BC9CEB8-8B4A-11D0-8D11-00A0C91BC942}") = "AnalyzerLib", "AnalyzerLib\AnalyzerLib.vcxproj", "{FD911381-65A0-484B-B088-F9D4E1977934}"
EndProject
Project("{8BC9CEB8-8B4A-11D0-8D11-00A0C91BC942}") = "AnalyzerTest", "AnalyzerTest\AnalyzerTest.vcxproj", "{F53787B0-64B7-4B91-872D-2E6F6D2F9955}"
	ProjectSection(ProjectDependencies) = postProject
		{FD911381-65A0-484B-B088-F9D4E1977934} = {FD911381-65A0-484B-B088-F9D4E1977934}
	EndProjectSection
EndProject
Project("{8BC9CEB8-8B4A-11D0-8D11-00A0C91BC942}") = "AnalyzerExternTest", "AnalyzerExternTest\AnalyzerExternTest.vcxproj", "{50FFD84A-6930-4479-8F02-ADC6377497AE}"
EndProject
Project("{8BC9CEB8-8B4A-11D0-8D11-00A0C91BC942}") = "test", "test\test.vcxproj", "{A8D7856E-0453-4CFC-938C-7482ACE37BA6}"
EndProject
Global
	GlobalSection(SolutionConfigurationPlatforms) = preSolution
		CD_ROM|Mixed Platforms = CD_ROM|Mixed Platforms
		CD_ROM|Win32 = CD_ROM|Win32
		CD_ROM|x64 = CD_ROM|x64
		Debug|Mixed Platforms = Debug|Mixed Platforms
		Debug|Win32 = Debug|Win32
		Debug|x64 = Debug|x64
		DVD-5|Mixed Platforms = DVD-5|Mixed Platforms
		DVD-5|Win32 = DVD-5|Win32
		DVD-5|x64 = DVD-5|x64
		Release|Mixed Platforms = Release|Mixed Platforms
		Release|Win32 = Release|Win32
		Release|x64 = Release|x64
		SingleImage|Mixed Platforms = SingleImage|Mixed Platforms
		SingleImage|Win32 = SingleImage|Win32
		SingleImage|x64 = SingleImage|x64
	EndGlobalSection
	GlobalSection(ProjectConfigurationPlatforms) = postSolution
		{B12702AD-ABFB-343A-A199-8E24837244A3}.CD_ROM|Mixed Platforms.ActiveCfg = Release|Win32
		{B12702AD-ABFB-343A-A199-8E24837244A3}.CD_ROM|Mixed Platforms.Build.0 = Release|Win32
		{B12702AD-ABFB-343A-A199-8E24837244A3}.CD_ROM|Win32.ActiveCfg = Release|Win32
		{B12702AD-ABFB-343A-A199-8E24837244A3}.CD_ROM|Win32.Build.0 = Release|Win32
		{B12702AD-ABFB-343A-A199-8E24837244A3}.CD_ROM|x64.ActiveCfg = Release|x64
		{B12702AD-ABFB-343A-A199-8E24837244A3}.CD_ROM|x64.Build.0 = Release|x64
		{B12702AD-ABFB-343A-A199-8E24837244A3}.Debug|Mixed Platforms.ActiveCfg = Debug|Win32
		{B12702AD-ABFB-343A-A199-8E24837244A3}.Debug|Mixed Platforms.Build.0 = Debug|Win32
		{B12702AD-ABFB-343A-A199-8E24837244A3}.Debug|Win32.ActiveCfg = Debug|Win32
		{B12702AD-ABFB-343A-A199-8E24837244A3}.Debug|Win32.Build.0 = Debug|Win32
		{B12702AD-ABFB-343A-A199-8E24837244A3}.Debug|x64.ActiveCfg = Debug|x64
		{B12702AD-ABFB-343A-A199-8E24837244A3}.Debug|x64.Build.0 = Debug|x64
		{B12702AD-ABFB-343A-A199-8E24837244A3}.DVD-5|Mixed Platforms.ActiveCfg = Debug|Win32
		{B12702AD-ABFB-343A-A199-8E24837244A3}.DVD-5|Mixed Platforms.Build.0 = Debug|Win32
		{B12702AD-ABFB-343A-A199-8E24837244A3}.DVD-5|Win32.ActiveCfg = Debug|Win32
		{B12702AD-ABFB-343A-A199-8E24837244A3}.DVD-5|Win32.Build.0 = Debug|Win32
		{B12702AD-ABFB-343A-A199-8E24837244A3}.DVD-5|x64.ActiveCfg = Debug|x64
		{B12702AD-ABFB-343A-A199-8E24837244A3}.DVD-5|x64.Build.0 = Debug|x64
		{B12702AD-ABFB-343A-A199-8E24837244A3}.Release|Mixed Platforms.ActiveCfg = Release|Win32
		{B12702AD-ABFB-343A-A199-8E24837244A3}.Release|Mixed Platforms.Build.0 = Release|Win32
		{B12702AD-ABFB-343A-A199-8E24837244A3}.Release|Win32.ActiveCfg = Release|Win32
		{B12702AD-ABFB-343A-A199-8E24837244A3}.Release|Win32.Build.0 = Release|Win32
		{B12702AD-ABFB-343A-A199-8E24837244A3}.Release|x64.ActiveCfg = Release|x64
		{B12702AD-ABFB-343A-A199-8E24837244A3}.Release|x64.Build.0 = Release|x64
		{B12702AD-ABFB-343A-A199-8E24837244A3}.SingleImage|Mixed Platforms.ActiveCfg = Release|Win32
		{B12702AD-ABFB-343A-A199-8E24837244A3}.SingleImage|Mixed Platforms.Build.0 = Release|Win32
		{B12702AD-ABFB-343A-A199-8E24837244A3}.SingleImage|Win32.ActiveCfg = Release|Win32
		{B12702AD-ABFB-343A-A199-8E24837244A3}.SingleImage|Win32.Build.0 = Release|Win32
		{B12702AD-ABFB-343A-A199-8E24837244A3}.SingleImage|x64.ActiveCfg = Release|x64
		{B12702AD-ABFB-343A-A199-8E24837244A3}.SingleImage|x64.Build.0 = Release|x64
		{FD911381-65A0-484B-B088-F9D4E1977934}.CD_ROM|Mixed Platforms.ActiveCfg = Release|Win32
		{FD911381-65A0-484B-B088-F9D4E1977934}.CD_ROM|Mixed Platforms.Build.0 = Release|Win32
		{FD911381-65A0-484B-B088-F9D4E1977934}.CD_ROM|Win32.ActiveCfg = Release|Win32
		{FD911381-65A0-484B-B088-F9D4E1977934}.CD_ROM|Win32.Build.0 = Release|Win32
		{FD911381-65A0-484B-B088-F9D4E1977934}.CD_ROM|x64.ActiveCfg = Release|x64
		{FD911381-65A0-484B-B088-F9D4E1977934}.CD_ROM|x64.Build.0 = Release|x64
		{FD911381-65A0-484B-B088-F9D4E1977934}.Debug|Mixed Platforms.ActiveCfg = Debug|Win32
		{FD911381-65A0-484B-B088-F9D4E1977934}.Debug|Mixed Platforms.Build.0 = Debug|Win32
		{FD911381-65A0-484B-B088-F9D4E1977934}.Debug|Win32.ActiveCfg = Debug|Win32
		{FD911381-65A0-484B-B088-F9D4E1977934}.Debug|Win32.Build.0 = Debug|Win32
		{FD911381-65A0-484B-B088-F9D4E1977934}.Debug|x64.ActiveCfg = Debug|x64
		{FD911381-65A0-484B-B088-F9D4E1977934}.Debug|x64.Build.0 = Debug|x64
		{FD911381-65A0-484B-B088-F9D4E1977934}.DVD-5|Mixed Platforms.ActiveCfg = Debug|Win32
		{FD911381-65A0-484B-B088-F9D4E1977934}.DVD-5|Mixed Platforms.Build.0 = Debug|Win32
		{FD911381-65A0-484B-B088-F9D4E1977934}.DVD-5|Win32.ActiveCfg = Debug|Win32
		{FD911381-65A0-484B-B088-F9D4E1977934}.DVD-5|Win32.Build.0 = Debug|Win32
		{FD911381-65A0-484B-B088-F9D4E1977934}.DVD-5|x64.ActiveCfg = Debug|x64
		{FD911381-65A0-484B-B088-F9D4E1977934}.DVD-5|x64.Build.0 = Debug|x64
		{FD911381-65A0-484B-B088-F9D4E1977934}.Release|Mixed Platforms.ActiveCfg = Release|Win32
		{FD911381-65A0-484B-B088-F9D4E1977934}.Release|Mixed Platforms.Build.0 = Release|Win32
		{FD911381-65A0-484B-B088-F9D4E1977934}.Release|Win32.ActiveCfg = Release|Win32
		{FD911381-65A0-484B-B088-F9D4E1977934}.Release|Win32.Build.0 = Release|Win32
		{FD911381-65A0-484B-B088-F9D4E1977934}.Release|x64.ActiveCfg = Release|x64
		{FD911381-65A0-484B-B088-F9D4E1977934}.Release|x64.Build.0 = Release|x64
		{FD911381-65A0-484B-B088-F9D4E1977934}.SingleImage|Mixed Platforms.ActiveCfg = Release|Win32
		{FD911381-65A0-484B-B088-F9D4E1977934}.SingleImage|Mixed Platforms.Build.0 = Release|Win32
		{FD911381-65A0-484B-B088-F9D4E1977934}.SingleImage|Win32.ActiveCfg = Release|Win32
		{FD911381-65A0-484B-B088-F9D4E1977934}.SingleImage|Win32.Build.0 = Release|Win32
		{FD911381-65A0-484B-B088-F9D4E1977934}.SingleImage|x64.ActiveCfg = Release|x64
		{FD911381-65A0-484B-B088-F9D4E1977934}.SingleImage|x64.Build.0 = Release|x64
		{F53787B0-64B7-4B91-872D-2E6F6D2F9955}.CD_ROM|Mixed Platforms.ActiveCfg = Release|Win32
		{F53787B0-64B7-4B91-872D-2E6F6D2F9955}.CD_ROM|Mixed Platforms.Build.0 = Release|Win32
		{F53787B0-64B7-4B91-872D-2E6F6D2F9955}.CD_ROM|Win32.ActiveCfg = Release|Win32
		{F53787B0-64B7-4B91-872D-2E6F6D2F9955}.CD_ROM|Win32.Build.0 = Release|Win32
		{F53787B0-64B7-4B91-872D-2E6F6D2F9955}.CD_ROM|x64.ActiveCfg = Release|x64
		{F53787B0-64B7-4B91-872D-2E6F6D2F9955}.CD_ROM|x64.Build.0 = Release|x64
		{F53787B0-64B7-4B91-872D-2E6F6D2F9955}.Debug|Mixed Platforms.ActiveCfg = Debug|Win32
		{F53787B0-64B7-4B91-872D-2E6F6D2F9955}.Debug|Mixed Platforms.Build.0 = Debug|Win32
		{F53787B0-64B7-4B91-872D-2E6F6D2F9955}.Debug|Win32.ActiveCfg = Debug|Win32
		{F53787B0-64B7-4B91-872D-2E6F6D2F9955}.Debug|Win32.Build.0 = Debug|Win32
		{F53787B0-64B7-4B91-872D-2E6F6D2F9955}.Debug|x64.ActiveCfg = Debug|x64
		{F53787B0-64B7-4B91-872D-2E6F6D2F9955}.Debug|x64.Build.0 = Debug|x64
		{F53787B0-64B7-4B91-872D-2E6F6D2F9955}.DVD-5|Mixed Platforms.ActiveCfg = Debug|Win32
		{F53787B0-64B7-4B91-872D-2E6F6D2F9955}.DVD-5|Mixed Platforms.Build.0 = Debug|Win32
		{F53787B0-64B7-4B91-872D-2E6F6D2F9955}.DVD-5|Win32.ActiveCfg = Debug|Win32
		{F53787B0-64B7-4B91-872D-2E6F6D2F9955}.DVD-5|Win32.Build.0 = Debug|Win32
		{F53787B0-64B7-4B91-872D-2E6F6D2F9955}.DVD-5|x64.ActiveCfg = Debug|x64
		{F53787B0-64B7-4B91-872D-2E6F6D2F9955}.DVD-5|x64.Build.0 = Debug|x64
		{F53787B0-64B7-4B91-872D-2E6F6D2F9955}.Release|Mixed Platforms.ActiveCfg = Release|Win32
		{F53787B0-64B7-4B91-872D-2E6F6D2F9955}.Release|Mixed Platforms.Build.0 = Release|Win32
		{F53787B0-64B7-4B91-872D-2E6F6D2F9955}.Release|Win32.ActiveCfg = Release|Win32
		{F53787B0-64B7-4B91-872D-2E6F6D2F9955}.Release|Win32.Build.0 = Release|Win32
		{F53787B0-64B7-4B91-872D-2E6F6D2F9955}.Release|x64.ActiveCfg = Release|x64
		{F53787B0-64B7-4B91-872D-2E6F6D2F9955}.Release|x64.Build.0 = Release|x64
		{F53787B0-64B7-4B91-872D-2E6F6D2F9955}.SingleImage|Mixed Platforms.ActiveCfg = Release|Win32
		{F53787B0-64B7-4B91-872D-2E6F6D2F9955}.SingleImage|Mixed Platforms.Build.0 = Release|Win32
		{F53787B0-64B7-4B91-872D-2E6F6D2F9955}.SingleImage|Win32.ActiveCfg = Release|Win32
		{F53787B0-64B7-4B91-872D-2E6F6D2F9955}.SingleImage|Win32.Build.0 = Release|Win32
		{F53787B0-64B7-4B91-872D-2E6F6D2F9955}.SingleImage|x64.ActiveCfg = Release|x64
		{F53787B0-64B7-4B91-872D-2E6F6D2F9955}.SingleImage|x64.Build.0 = Release|x64
		{50FFD84A-6930-4479-8F02-ADC6377497AE}.CD_ROM|Mixed Platforms.ActiveCfg = Release|Win32
		{50FFD84A-6930-4479-8F02-ADC6377497AE}.CD_ROM|Mixed Platforms.Build.0 = Release|Win32
		{50FFD84A-6930-4479-8F02-ADC6377497AE}.CD_ROM|Win32.ActiveCfg = Release|Win32
		{50FFD84A-6930-4479-8F02-ADC6377497AE}.CD_ROM|Win32.Build.0 = Release|Win32
		{50FFD84A-6930-4479-8F02-ADC6377497AE}.CD_ROM|x64.ActiveCfg = Release|x64
		{50FFD84A-6930-4479-8F02-ADC6377497AE}.CD_ROM|x64.Build.0 = Release|x64
		{50FFD84A-6930-4479-8F02-ADC6377497AE}.Debug|Mixed Platforms.ActiveCfg = Debug|Win32
		{50FFD84A-6930-4479-8F02-ADC6377497AE}.Debug|Mixed Platforms.Build.0 = Debug|Win32
		{50FFD84A-6930-4479-8F02-ADC6377497AE}.Debug|Win32.ActiveCfg = Debug|Win32
		{50FFD84A-6930-4479-8F02-ADC6377497AE}.Debug|Win32.Build.0 = Debug|Win32
		{50FFD84A-6930-4479-8F02-ADC6377497AE}.Debug|x64.ActiveCfg = Debug|x64
		{50FFD84A-6930-4479-8F02-ADC6377497AE}.Debug|x64.Build.0 = Debug|x64
		{50FFD84A-6930-4479-8F02-ADC6377497AE}.DVD-5|Mixed Platforms.ActiveCfg = Debug|Win32
		{50FFD84A-6930-4479-8F02-ADC6377497AE}.DVD-5|Mixed Platforms.Build.0 = Debug|Win32
		{50FFD84A-6930-4479-8F02-ADC6377497AE}.DVD-5|Win32.ActiveCfg = Debug|Win32
		{50FFD84A-6930-4479-8F02-ADC6377497AE}.DVD-5|Win32.Build.0 = Debug|Win32
		{50FFD84A-6930-4479-8F02-ADC6377497AE}.DVD-5|x64.ActiveCfg = Debug|x64
		{50FFD84A-6930-4479-8F02-ADC6377497AE}.DVD-5|x64.Build.0 = Debug|x64
		{50FFD84A-6930-4479-8F02-ADC6377497AE}.Release|Mixed Platforms.ActiveCfg = Release|Win32
		{50FFD84A-6930-4479-8F02-ADC6377497AE}.Release|Mixed Platforms.Build.0 = Release|Win32
		{50FFD84A-6930-4479-8F02-ADC6377497AE}.Release|Win32.ActiveCfg = Release|Win32
		{50FFD84A-6930-4479-8F02-ADC6377497AE}.Release|Win32.Build.0 = Release|Win32
		{50FFD84A-6930-4479-8F02-ADC6377497AE}.Release|x64.ActiveCfg = Release|x64
		{50FFD84A-6930-4479-8F02-ADC6377497AE}.Release|x64.Build.0 = Release|x64
		{50FFD84A-6930-4479-8F02-ADC6377497AE}.SingleImage|Mixed Platforms.ActiveCfg = Release|Win32
		{50FFD84A-6930-4479-8F02-ADC6377497AE}.SingleImage|Mixed Platforms.Build.0 = Release|Win32
		{50FFD84A-6930-4479-8F02-ADC6377497AE}.SingleImage|Win32.ActiveCfg = Release|Win32
		{50FFD84A-6930-4479-8F02-ADC6377497AE}.SingleImage|Win32.Build.0 = Release|Win32
		{50FFD84A-6930-4479-8F02-ADC6377497AE}.SingleImage|x64.ActiveCfg = Release|x64
		{50FFD84A-6930-4479-8F02-ADC6377497AE}.SingleImage|x64.Build.0 = Release|x64
		{A8D7856E-0453-4CFC-938C-7482ACE37BA6}.CD_ROM|Mixed Platforms.ActiveCfg = Release|Win32
		{A8D7856E-0453-4CFC-938C-7482ACE37BA6}.CD_ROM|Mixed Platforms.Build.0 = Release|Win32
		{A8D7856E-0453-4CFC-938C-7482ACE37BA6}.CD_ROM|Win32.ActiveCfg = Release|Win32
		{A8D7856E-0453-4CFC-938C-7482ACE37BA6}.CD_ROM|Win32.Build.0 = Release|Win32
		{A8D7856E-0453-4CFC-938C-7482ACE37BA6}.CD_ROM|x64.ActiveCfg = Release|x64
		{A8D7856E-0453-4CFC-938C-7482ACE37BA6}.CD_ROM|x64.Build.0 = Release|x64
		{A8D7856E-0453-4CFC-938C-7482ACE37BA6}.Debug|Mixed Platforms.ActiveCfg = Debug|Win32
		{A8D7856E-0453-4CFC-938C-7482ACE37BA6}.Debug|Mixed Platforms.Build.0 = Debug|Win32
		{A8D7856E-0453-4CFC-938C-7482ACE37BA6}.Debug|Win32.ActiveCfg = Debug|Win32
		{A8D7856E-0453-4CFC-938C-7482ACE37BA6}.Debug|Win32.Build.0 = Debug|Win32
		{A8D7856E-0453-4CFC-938C-7482ACE37BA6}.Debug|x64.ActiveCfg = Debug|x64
		{A8D7856E-0453-4CFC-938C-7482ACE37BA6}.Debug|x64.Build.0 = Debug|x64
		{A8D7856E-0453-4CFC-938C-7482ACE37BA6}.DVD-5|Mixed Platforms.ActiveCfg = Debug|Win32
		{A8D7856E-0453-4CFC-938C-7482ACE37BA6}.DVD-5|Mixed Platforms.Build.0 = Debug|Win32
		{A8D7856E-0453-4CFC-938C-7482ACE37BA6}.DVD-5|Win32.ActiveCfg = Debug|Win32
		{A8D7856E-0453-4CFC-938C-7482ACE37BA6}.DVD-5|Win32.Build.0 = Debug|Win32
		{A8D7856E-0453-4CFC-938C-7482ACE37BA6}.DVD-5|x64.ActiveCfg = Debug|x64
		{A8D7856E-0453-4CFC-938C-7482ACE37BA6}.DVD-5|x64.Build.0 = Debug|x64
		{A8D7856E-0453-4CFC-938C-7482ACE37BA6}.Release|Mixed Platforms.ActiveCfg = Release|Win32
		{A8D7856E-0453-4CFC-938C-7482ACE37BA6}.Release|Mixed Platforms.Build.0 = Release|Win32
		{A8D7856E-0453-4CFC-938C-7482ACE37BA6}.Release|Win32.ActiveCfg = Release|Win32
		{A8D7856E-0453-4CFC-938C-7482ACE37BA6}.Release|Win32.Build.0 = Release|Win32
		{A8D7856E-0453-4CFC-938C-7482ACE37BA6}.Release|x64.ActiveCfg = Release|x64
		{A8D7856E-0453-4CFC-938C-7482ACE37BA6}.Release|x64.Build.0 = Release|x64
		{A8D7856E-0453-4CFC-938C-7482ACE37BA6}.SingleImage|Mixed Platforms.ActiveCfg = Release|Win32
		{A8D7856E-0453-4CFC-938C-7482ACE37BA6}.SingleImage|Mixed Platforms.Build.0 = Release|Win32
		{A8D7856E-0453-4CFC-938C-7482ACE37BA6}.SingleImage|Win32.ActiveCfg = Release|Win32
		{A8D7856E-0453-4CFC-938C-7482ACE37BA6}.SingleImage|Win32.Build.0 = Release|Win32
		{A8D7856E-0453-4CFC-938C-7482ACE37BA6}.SingleImage|x64.ActiveCfg = Release|x64
		{A8D7856E-0453-4CFC-938C-7482ACE37BA6}.SingleImage|x64.Build.0 = Release|x64
	EndGlobalSection
	GlobalSection(SolutionProperties) = preSolution
		HideSolutionNode = FALSE
	EndGlobalSection
EndGlobal
