<?xml version="1.0" encoding="utf-8"?>
<Project ToolsVersion="4.0" xmlns="http://schemas.microsoft.com/developer/msbuild/2003">
  <ItemGroup>
    <Filter Include="Source Files">
      <UniqueIdentifier>{4FC737F1-C7A5-4376-A066-2A32D752A2FF}</UniqueIdentifier>
      <Extensions>cpp;cxx;c;def</Extensions>
    </Filter>
    <Filter Include="Header Files">
      <UniqueIdentifier>{93995380-89BD-4b04-88EB-625FBE52EBFB}</UniqueIdentifier>
      <Extensions>h</Extensions>
    </Filter>
    <Filter Include="Form Files">
      <UniqueIdentifier>{99349809-55BA-4b9d-BF79-8FDBB0286EB3}</UniqueIdentifier>
      <Extensions>ui</Extensions>
    </Filter>
    <Filter Include="Resource Files">
      <UniqueIdentifier>{D9D6E242-F8AF-46E4-B9FD-80ECBC20BA3E}</UniqueIdentifier>
      <Extensions>qrc;*</Extensions>
      <ParseFiles>false</ParseFiles>
    </Filter>
    <Filter Include="Generated Files">
      <UniqueIdentifier>{71ED8ED8-ACB9-4CE9-BBE1-E00B30144E11}</UniqueIdentifier>
      <Extensions>moc;h;cpp</Extensions>
      <SourceControlFiles>False</SourceControlFiles>
    </Filter>
    <Filter Include="Generated Files\Debug">
      <UniqueIdentifier>{1c19ca42-7134-49b0-9349-22ef55e319d1}</UniqueIdentifier>
      <Extensions>cpp;moc</Extensions>
      <SourceControlFiles>False</SourceControlFiles>
    </Filter>
    <Filter Include="Generated Files\Release">
      <UniqueIdentifier>{0f290bbd-1dab-4bfe-9ee9-aa235caead29}</UniqueIdentifier>
      <Extensions>cpp;moc</Extensions>
      <SourceControlFiles>False</SourceControlFiles>
    </Filter>
    <Filter Include="mainwindow">
      <UniqueIdentifier>{1d2a7194-4b2e-421e-9485-25d470d96de7}</UniqueIdentifier>
    </Filter>
    <Filter Include="application">
      <UniqueIdentifier>{f42238de-db25-4189-956a-a80f03b6c720}</UniqueIdentifier>
    </Filter>
    <Filter Include="application\error">
      <UniqueIdentifier>{074ab6e8-563a-428b-baba-6d27510b7a01}</UniqueIdentifier>
    </Filter>
    <Filter Include="display">
      <UniqueIdentifier>{165f3a4f-4bca-4050-8f71-f46374331c61}</UniqueIdentifier>
    </Filter>
    <Filter Include="display\maindisplay">
      <UniqueIdentifier>{eb9c9b5b-152f-4d8b-a805-712ee12ac3aa}</UniqueIdentifier>
    </Filter>
    <Filter Include="dialogs">
      <UniqueIdentifier>{41101485-0785-4068-92c9-3a9af8fcaf23}</UniqueIdentifier>
    </Filter>
  </ItemGroup>
  <ItemGroup>
    <ClCompile Include="main.cpp">
      <Filter>Source Files</Filter>
    </ClCompile>
    <ClCompile Include="GeneratedFiles\Debug\moc_MainWindow.cpp">
      <Filter>Generated Files\Debug</Filter>
    </ClCompile>
    <ClCompile Include="GeneratedFiles\Release\moc_MainWindow.cpp">
      <Filter>Generated Files\Release</Filter>
    </ClCompile>
    <ClCompile Include="mainwindow\MainWindow.cpp">
      <Filter>mainwindow</Filter>
    </ClCompile>
    <ClCompile Include="application\error\AppException.cpp">
      <Filter>application\error</Filter>
    </ClCompile>
    <ClCompile Include="mainwindow\Actions.cpp">
      <Filter>mainwindow</Filter>
    </ClCompile>
    <ClCompile Include="GeneratedFiles\Debug\moc_Actions.cpp">
      <Filter>Generated Files\Debug</Filter>
    </ClCompile>
    <ClCompile Include="GeneratedFiles\Release\moc_Actions.cpp">
      <Filter>Generated Files\Release</Filter>
    </ClCompile>
    <ClCompile Include="display\maindisplay\AnalyzerEdit.cpp">
      <Filter>display\maindisplay</Filter>
    </ClCompile>
    <ClCompile Include="dialogs\DisplayOptions.cpp">
      <Filter>dialogs</Filter>
    </ClCompile>
    <ClCompile Include="dialogs\DisplayOptionsBinary.cpp">
      <Filter>dialogs</Filter>
    </ClCompile>
    <ClCompile Include="dialogs\DisplayOptionsText.cpp">
      <Filter>dialogs</Filter>
    </ClCompile>
    <ClCompile Include="dialogs\DocumentStructure.cpp">
      <Filter>dialogs</Filter>
    </ClCompile>
    <ClCompile Include="GeneratedFiles\Debug\moc_DocumentStructure.cpp">
      <Filter>Generated Files\Debug</Filter>
    </ClCompile>
    <ClCompile Include="GeneratedFiles\Release\moc_DocumentStructure.cpp">
      <Filter>Generated Files\Release</Filter>
    </ClCompile>
    <ClCompile Include="display\maindisplay\AnalyzerEditHighlighter.cpp">
      <Filter>display\maindisplay</Filter>
    </ClCompile>
    <ClCompile Include="GeneratedFiles\Debug\moc_AnalyzerEditHighlighter.cpp">
      <Filter>Generated Files\Debug</Filter>
    </ClCompile>
    <ClCompile Include="GeneratedFiles\Release\moc_AnalyzerEditHighlighter.cpp">
      <Filter>Generated Files\Release</Filter>
    </ClCompile>
  </ItemGroup>
  <ItemGroup>
    <ClInclude Include="GeneratedFiles\ui_MainWindow.h">
      <Filter>Generated Files</Filter>
    </ClInclude>
    <ClInclude Include="application\error\AppException.h">
      <Filter>application\error</Filter>
    </ClInclude>
    <ClInclude Include="display\maindisplay\AnalyzerEdit.h">
      <Filter>display\maindisplay</Filter>
    </ClInclude>
    <ClInclude Include="dialogs\DisplayOptions.h">
      <Filter>dialogs</Filter>
    </ClInclude>
    <ClInclude Include="dialogs\DisplayOptionsBinary.h">
      <Filter>dialogs</Filter>
    </ClInclude>
    <ClInclude Include="dialogs\DisplayOptionsText.h">
      <Filter>dialogs</Filter>
    </ClInclude>
  </ItemGroup>
  <ItemGroup>
    <CustomBuild Include="mainwindow\MainWindow.ui">
      <Filter>mainwindow</Filter>
    </CustomBuild>
    <CustomBuild Include="mainwindow\MainWindow.h">
      <Filter>mainwindow</Filter>
    </CustomBuild>
    <CustomBuild Include="mainwindow\Actions.h">
      <Filter>mainwindow</Filter>
    </CustomBuild>
    <CustomBuild Include="dialogs\DocumentStructure.h">
      <Filter>dialogs</Filter>
    </CustomBuild>
    <CustomBuild Include="display\maindisplay\AnalyzerEditHighlighter.h">
      <Filter>display\maindisplay</Filter>
    </CustomBuild>
  </ItemGroup>
</Project>