<?xml version="1.0" encoding="utf-8"?>
<Project ToolsVersion="4.0" xmlns="http://schemas.microsoft.com/developer/msbuild/2003">
  <ItemGroup>
    <Filter Include="Source Files">
      <UniqueIdentifier>{4FC737F1-C7A5-4376-A066-2A32D752A2FF}</UniqueIdentifier>
      <Extensions>cpp;c;cc;cxx;def;odl;idl;hpj;bat;asm;asmx</Extensions>
    </Filter>
    <Filter Include="Header Files">
      <UniqueIdentifier>{93995380-89BD-4b04-88EB-625FBE52EBFB}</UniqueIdentifier>
      <Extensions>h;hh;hpp;hxx;hm;inl;inc;xsd</Extensions>
    </Filter>
    <Filter Include="Resource Files">
      <UniqueIdentifier>{67DA6AB6-F800-4c08-8B7A-83BB121AAD01}</UniqueIdentifier>
      <Extensions>rc;ico;cur;bmp;dlg;rc2;rct;bin;rgs;gif;jpg;jpeg;jpe;resx;tiff;tif;png;wav;mfcribbon-ms</Extensions>
    </Filter>
    <Filter Include="Interpreter">
      <UniqueIdentifier>{01c7b2d7-0e80-4cbe-84cd-ae482e767e66}</UniqueIdentifier>
    </Filter>
    <Filter Include="Interpreter\error">
      <UniqueIdentifier>{2a8dfe16-f2eb-4977-83dd-54455b403ffa}</UniqueIdentifier>
    </Filter>
    <Filter Include="base">
      <UniqueIdentifier>{4c8b2d5f-c694-4040-9d37-9dc455d2da77}</UniqueIdentifier>
    </Filter>
    <Filter Include="base\error">
      <UniqueIdentifier>{5b10e384-e06e-472d-b703-ee15e7282c0f}</UniqueIdentifier>
    </Filter>
    <Filter Include="core">
      <UniqueIdentifier>{8f87b7b4-8ad2-4952-bf1a-7ef660085d78}</UniqueIdentifier>
    </Filter>
    <Filter Include="core\error">
      <UniqueIdentifier>{3b51f009-a361-43cf-bf06-5667d5ff2762}</UniqueIdentifier>
    </Filter>
    <Filter Include="core\zip">
      <UniqueIdentifier>{49ef9502-6de8-4790-80f2-17f253a06fc5}</UniqueIdentifier>
    </Filter>
    <Filter Include="Interpreter\formatter">
      <UniqueIdentifier>{164c8c15-f0ca-4a07-939d-2e61254a840c}</UniqueIdentifier>
    </Filter>
    <Filter Include="service">
      <UniqueIdentifier>{9a83a395-1993-48cd-9605-fdad30341809}</UniqueIdentifier>
    </Filter>
    <Filter Include="Interpreter\HTML">
      <UniqueIdentifier>{82db74e1-24d4-4ce6-81b0-b95bc3c4c798}</UniqueIdentifier>
    </Filter>
    <Filter Include="Interpreter\pdf">
      <UniqueIdentifier>{667ca203-4654-490a-a8ac-e95b5e3743d0}</UniqueIdentifier>
    </Filter>
    <Filter Include="cast">
      <UniqueIdentifier>{cf83cac0-1552-4654-bb77-67bbf2c5bd4d}</UniqueIdentifier>
    </Filter>
    <Filter Include="Interpreter\PE">
      <UniqueIdentifier>{e59044a3-f519-410f-a5ae-71e01befb718}</UniqueIdentifier>
    </Filter>
    <Filter Include="contentchecker">
      <UniqueIdentifier>{ed6829b6-ea4f-496d-bc43-39ba8efa71da}</UniqueIdentifier>
    </Filter>
    <Filter Include="contentchecker\error">
      <UniqueIdentifier>{aa57af57-1b06-46ff-ab61-467e919681c6}</UniqueIdentifier>
    </Filter>
  </ItemGroup>
  <ItemGroup>
    <ClCompile Include="main.cpp">
      <Filter>Source Files</Filter>
    </ClCompile>
    <ClCompile Include="..\AnalyzerLib\core\error\CoreException.cpp">
      <Filter>core\error</Filter>
    </ClCompile>
    <ClCompile Include="..\AnalyzerLib\base\AnalyzerBase.cpp">
      <Filter>base</Filter>
    </ClCompile>
    <ClCompile Include="..\AnalyzerLib\core\zip\ZIPContainer.cpp">
      <Filter>core\zip</Filter>
    </ClCompile>
    <ClCompile Include="..\AnalyzerLib\core\zip\miniz.c">
      <Filter>core\zip</Filter>
    </ClCompile>
    <ClCompile Include="..\AnalyzerLib\core\File.cpp">
      <Filter>core</Filter>
    </ClCompile>
    <ClCompile Include="TestSupport.cpp">
      <Filter>Source Files</Filter>
    </ClCompile>
    <ClCompile Include="..\AnalyzerLib\service\Update.cpp">
      <Filter>service</Filter>
    </ClCompile>
    <ClCompile Include="..\AnalyzerLib\interpreter\InterpreterFactory.cpp">
      <Filter>Interpreter</Filter>
    </ClCompile>
    <ClCompile Include="..\AnalyzerLib\interpreter\ASCIIInterpreter.cpp">
      <Filter>Interpreter</Filter>
    </ClCompile>
    <ClCompile Include="..\AnalyzerLib\core\TypeAnalyzer.cpp">
      <Filter>core</Filter>
    </ClCompile>
    <ClCompile Include="..\AnalyzerLib\interpreter\XMLInterpreter.cpp">
      <Filter>Interpreter</Filter>
    </ClCompile>
    <ClCompile Include="..\AnalyzerLib\interpreter\HTML\Document.cpp">
      <Filter>Interpreter\HTML</Filter>
    </ClCompile>
    <ClCompile Include="..\AnalyzerLib\interpreter\BMPInterpreter.cpp">
      <Filter>Interpreter</Filter>
    </ClCompile>
    <ClCompile Include="..\AnalyzerLib\interpreter\Interpreter.cpp">
      <Filter>Source Files</Filter>
    </ClCompile>
    <ClCompile Include="..\AnalyzerLib\interpreter\formatter\ASCIIFormatter.cpp">
      <Filter>Interpreter\formatter</Filter>
    </ClCompile>
    <ClCompile Include="..\AnalyzerLib\interpreter\pdf\PDFInterpreter.cpp">
      <Filter>Interpreter\pdf</Filter>
    </ClCompile>
    <ClCompile Include="..\AnalyzerLib\interpreter\pdf\PDFObject.cpp">
      <Filter>Interpreter\pdf</Filter>
    </ClCompile>
    <ClCompile Include="..\AnalyzerLib\core\InternalFile.cpp">
      <Filter>core</Filter>
    </ClCompile>
    <ClCompile Include="..\AnalyzerLib\core\PrimaryFile.cpp">
      <Filter>core</Filter>
    </ClCompile>
    <ClCompile Include="..\AnalyzerLib\interpreter\HEXInterpreter.cpp">
      <Filter>Interpreter</Filter>
    </ClCompile>
    <ClCompile Include="..\AnalyzerLib\cast\CastPool.cpp">
      <Filter>cast</Filter>
    </ClCompile>
    <ClCompile Include="..\AnalyzerLib\cast\CastFactory.cpp">
      <Filter>cast</Filter>
    </ClCompile>
    <ClCompile Include="..\AnalyzerLib\cast\Cast.cpp">
      <Filter>cast</Filter>
    </ClCompile>
    <ClCompile Include="..\AnalyzerLib\cast\SingleByteCast.cpp">
      <Filter>cast</Filter>
    </ClCompile>
    <ClCompile Include="..\AnalyzerLib\interpreter\PE\PEInterpreter.cpp">
      <Filter>Interpreter\PE</Filter>
    </ClCompile>
    <ClCompile Include="..\AnalyzerLib\base\ApplicationSettings.cpp">
      <Filter>base</Filter>
    </ClCompile>
    <ClCompile Include="..\AnalyzerLib\contentchecker\ContentChecker.cpp">
      <Filter>contentchecker</Filter>
    </ClCompile>
    <ClCompile Include="..\AnalyzerLib\contentchecker\ContentCheckerVault.cpp">
      <Filter>contentchecker</Filter>
    </ClCompile>
    <ClCompile Include="..\AnalyzerLib\contentchecker\ExtraordinaryChecker.cpp">
      <Filter>contentchecker</Filter>
    </ClCompile>
    <ClCompile Include="..\AnalyzerLib\contentchecker\ExecutableChecker.cpp">
      <Filter>contentchecker</Filter>
    </ClCompile>
    <ClCompile Include="..\AnalyzerLib\contentchecker\ExternalLinkChecker.cpp">
      <Filter>contentchecker</Filter>
    </ClCompile>
    <ClCompile Include="..\AnalyzerLib\contentchecker\MacroChecker.cpp">
      <Filter>contentchecker</Filter>
    </ClCompile>
  </ItemGroup>
  <ItemGroup>
    <ClInclude Include="..\AnalyzerLib\core\error\CoreException.h">
      <Filter>core\error</Filter>
    </ClInclude>
    <ClInclude Include="..\AnalyzerLib\interpreter\Interpreter.h">
      <Filter>Interpreter</Filter>
    </ClInclude>
    <ClInclude Include="..\AnalyzerLib\interpreter\error\InterpreterException.h">
      <Filter>Interpreter\error</Filter>
    </ClInclude>
    <ClInclude Include="..\AnalyzerLib\base\AnalyzerBase.h">
      <Filter>base</Filter>
    </ClInclude>
    <ClInclude Include="base\AnalyzerBaseTest.h">
      <Filter>base</Filter>
    </ClInclude>
    <ClInclude Include="..\AnalyzerLib\base\AnalyzerBaseObserver.h">
      <Filter>base</Filter>
    </ClInclude>
    <ClInclude Include="..\AnalyzerLib\base\error\AnalyzerBaseException.h">
      <Filter>base\error</Filter>
    </ClInclude>
    <ClInclude Include="core\zip\ZIPContainerTest.h">
      <Filter>core\zip</Filter>
    </ClInclude>
    <ClInclude Include="..\AnalyzerLib\core\zip\ZIPContainer.h">
      <Filter>core\zip</Filter>
    </ClInclude>
    <ClInclude Include="core\FileTest.h">
      <Filter>core</Filter>
    </ClInclude>
    <ClInclude Include="..\AnalyzerLib\core\File.h">
      <Filter>core</Filter>
    </ClInclude>
    <ClInclude Include="..\AnalyzerLib\base\error\DBException.h">
      <Filter>base\error</Filter>
    </ClInclude>
    <ClInclude Include="..\AnalyzerLib\base\BaseData.h">
      <Filter>base</Filter>
    </ClInclude>
    <ClInclude Include="TestSupport.h">
      <Filter>Source Files</Filter>
    </ClInclude>
    <ClInclude Include="service\UpdateTest.h">
      <Filter>service</Filter>
    </ClInclude>
    <ClInclude Include="..\AnalyzerLib\service\Update.h">
      <Filter>service</Filter>
    </ClInclude>
    <ClInclude Include="interpreter\InterpreterFactoyTest.h">
      <Filter>Interpreter</Filter>
    </ClInclude>
    <ClInclude Include="..\AnalyzerLib\interpreter\InterpreterFactory.h">
      <Filter>Interpreter</Filter>
    </ClInclude>
    <ClInclude Include="..\AnalyzerLib\interpreter\ASCIIInterpreter.h">
      <Filter>Interpreter</Filter>
    </ClInclude>
    <ClInclude Include="interpreter\ASCIIInterpreterTest.h">
      <Filter>Interpreter</Filter>
    </ClInclude>
    <ClInclude Include="core\TypeAnalyzerTest.h">
      <Filter>core</Filter>
    </ClInclude>
    <ClInclude Include="..\AnalyzerLib\core\TypeAnalyzer.h">
      <Filter>core</Filter>
    </ClInclude>
    <ClInclude Include="interpreter\XMLInterpreterTest.h">
      <Filter>Interpreter</Filter>
    </ClInclude>
    <ClInclude Include="..\AnalyzerLib\interpreter\XMLInterpreter.h">
      <Filter>Interpreter</Filter>
    </ClInclude>
    <ClInclude Include="interpreter\HTML\HTMLDocumentTest.h">
      <Filter>Interpreter\HTML</Filter>
    </ClInclude>
    <ClInclude Include="..\AnalyzerLib\interpreter\HTML\Document.h">
      <Filter>Interpreter\HTML</Filter>
    </ClInclude>
    <ClInclude Include="..\AnalyzerLib\interpreter\HTML\BodyElement.h">
      <Filter>Interpreter\HTML</Filter>
    </ClInclude>
    <ClInclude Include="..\AnalyzerLib\interpreter\HTML\Heading.h">
      <Filter>Interpreter\HTML</Filter>
    </ClInclude>
    <ClInclude Include="..\AnalyzerLib\interpreter\HTML\Paragraph.h">
      <Filter>Interpreter\HTML</Filter>
    </ClInclude>
    <ClInclude Include="..\AnalyzerLib\interpreter\HTML\Table.h">
      <Filter>Interpreter\HTML</Filter>
    </ClInclude>
    <ClInclude Include="interpreter\BMPInterpreterTest.h">
      <Filter>Interpreter</Filter>
    </ClInclude>
    <ClInclude Include="..\AnalyzerLib\interpreter\BMPInterpreter.h">
      <Filter>Interpreter</Filter>
    </ClInclude>
    <ClInclude Include="interpreter\formatter\ASCIIFormatterTest.h">
      <Filter>Interpreter\formatter</Filter>
    </ClInclude>
    <ClInclude Include="..\AnalyzerLib\interpreter\formatter\ASCIIFormatter.h">
      <Filter>Interpreter\formatter</Filter>
    </ClInclude>
    <ClInclude Include="interpreter\pdf\PDFInterpreterTest.h">
      <Filter>Interpreter\pdf</Filter>
    </ClInclude>
    <ClInclude Include="..\AnalyzerLib\interpreter\pdf\PDFInterpreter.h">
      <Filter>Interpreter\pdf</Filter>
    </ClInclude>
    <ClInclude Include="..\AnalyzerLib\interpreter\pdf\PDFObject.h">
      <Filter>Interpreter\pdf</Filter>
    </ClInclude>
    <ClInclude Include="..\AnalyzerLib\core\InternalFile.h">
      <Filter>core</Filter>
    </ClInclude>
    <ClInclude Include="..\AnalyzerLib\core\PrimaryFile.h">
      <Filter>core</Filter>
    </ClInclude>
    <ClInclude Include="..\AnalyzerLib\core\FileObserver.h">
      <Filter>core</Filter>
    </ClInclude>
    <ClInclude Include="..\AnalyzerLib\interpreter\InterpreterObserver.h">
      <Filter>Interpreter</Filter>
    </ClInclude>
    <ClInclude Include="..\AnalyzerLib\interpreter\HEXInterpreter.h">
      <Filter>Interpreter</Filter>
    </ClInclude>
    <ClInclude Include="interpreter\HEXInterpreterTest.h">
      <Filter>Interpreter</Filter>
    </ClInclude>
    <ClInclude Include="cast\CastPoolTest.h">
      <Filter>cast</Filter>
    </ClInclude>
    <ClInclude Include="..\AnalyzerLib\cast\CastPool.h">
      <Filter>cast</Filter>
    </ClInclude>
    <ClInclude Include="..\AnalyzerLib\cast\Cast.h">
      <Filter>cast</Filter>
    </ClInclude>
    <ClInclude Include="..\AnalyzerLib\cast\CastFactory.h">
      <Filter>cast</Filter>
    </ClInclude>
    <ClInclude Include="cast\CastFactoryTest.h">
      <Filter>cast</Filter>
    </ClInclude>
    <ClInclude Include="..\AnalyzerLib\cast\EmptyCast.h">
      <Filter>cast</Filter>
    </ClInclude>
    <ClInclude Include="..\AnalyzerLib\cast\SingleByteCast.h">
      <Filter>cast</Filter>
    </ClInclude>
    <ClInclude Include="interpreter\PE\PEInterpreterTest.h">
      <Filter>Interpreter\PE</Filter>
    </ClInclude>
    <ClInclude Include="..\AnalyzerLib\interpreter\PE\PEInterpreter.h">
      <Filter>Interpreter\PE</Filter>
    </ClInclude>
    <ClInclude Include="..\AnalyzerLib\base\ApplicationSettings.h">
      <Filter>base</Filter>
    </ClInclude>
    <ClInclude Include="base\ApplicationSettingsTest.h">
      <Filter>base</Filter>
    </ClInclude>
    <ClInclude Include="..\AnalyzerLib\interpreter\PE\COFFHeader.h">
      <Filter>Interpreter\PE</Filter>
    </ClInclude>
    <ClInclude Include="..\AnalyzerLib\interpreter\PE\DOSHeader.h">
      <Filter>Interpreter\PE</Filter>
    </ClInclude>
    <ClInclude Include="..\AnalyzerLib\interpreter\PE\PEOptionalHeader.h">
      <Filter>Interpreter\PE</Filter>
    </ClInclude>
    <ClInclude Include="..\AnalyzerLib\contentchecker\ContentChecker.h">
      <Filter>contentchecker</Filter>
    </ClInclude>
    <ClInclude Include="contentchecker\ContentCheckerTest.h">
      <Filter>contentchecker</Filter>
    </ClInclude>
    <ClInclude Include="..\AnalyzerLib\contentchecker\CheckObserver.h">
      <Filter>contentchecker</Filter>
    </ClInclude>
    <ClInclude Include="..\AnalyzerLib\contentchecker\error\ContentCheckException.h">
      <Filter>contentchecker\error</Filter>
    </ClInclude>
    <ClInclude Include="..\AnalyzerLib\contentchecker\ContentCheckerVault.h">
      <Filter>contentchecker</Filter>
    </ClInclude>
    <ClInclude Include="contentchecker\ContentCheckerVaultTest.h">
      <Filter>contentchecker</Filter>
    </ClInclude>
    <ClInclude Include="contentchecker\ExtraordinaryCheckerTest.h">
      <Filter>contentchecker</Filter>
    </ClInclude>
    <ClInclude Include="..\AnalyzerLib\contentchecker\ExtraordinaryChecker.h">
      <Filter>contentchecker</Filter>
    </ClInclude>
    <ClInclude Include="contentchecker\ExecutableCheckerTest.h">
      <Filter>contentchecker</Filter>
    </ClInclude>
    <ClInclude Include="contentchecker\ExternalLinkCheckerTest.h">
      <Filter>contentchecker</Filter>
    </ClInclude>
    <ClInclude Include="contentchecker\MacroCheckerTest.h">
      <Filter>contentchecker</Filter>
    </ClInclude>
    <ClInclude Include="..\AnalyzerLib\contentchecker\ExecutableChecker.h">
      <Filter>contentchecker</Filter>
    </ClInclude>
    <ClInclude Include="..\AnalyzerLib\contentchecker\ExternalLinkChecker.h">
      <Filter>contentchecker</Filter>
    </ClInclude>
    <ClInclude Include="..\AnalyzerLib\contentchecker\MacroChecker.h">
      <Filter>contentchecker</Filter>
    </ClInclude>
  </ItemGroup>
</Project>