<?xml version="1.0" encoding="utf-8"?>
<Project ToolsVersion="4.0" xmlns="http://schemas.microsoft.com/developer/msbuild/2003">
  <ItemGroup>
    <Filter Include="Source Files">
      <UniqueIdentifier>{4FC737F1-C7A5-4376-A066-2A32D752A2FF}</UniqueIdentifier>
      <Extensions>cpp;c;cc;cxx;def;odl;idl;hpj;bat;asm;asmx</Extensions>
    </Filter>
    <Filter Include="Header Files">
      <UniqueIdentifier>{93995380-89BD-4b04-88EB-625FBE52EBFB}</UniqueIdentifier>
      <Extensions>h;hh;hpp;hxx;hm;inl;inc;xsd</Extensions>
    </Filter>
    <Filter Include="Resource Files">
      <UniqueIdentifier>{67DA6AB6-F800-4c08-8B7A-83BB121AAD01}</UniqueIdentifier>
      <Extensions>rc;ico;cur;bmp;dlg;rc2;rct;bin;rgs;gif;jpg;jpeg;jpe;resx;tiff;tif;png;wav;mfcribbon-ms</Extensions>
    </Filter>
    <Filter Include="Interpreter">
      <UniqueIdentifier>{01c7b2d7-0e80-4cbe-84cd-ae482e767e66}</UniqueIdentifier>
    </Filter>
    <Filter Include="Interpreter\strategy">
      <UniqueIdentifier>{cbf3fc3f-6a96-4c81-8788-71bbe091948d}</UniqueIdentifier>
    </Filter>
    <Filter Include="Interpreter\error">
      <UniqueIdentifier>{2a8dfe16-f2eb-4977-83dd-54455b403ffa}</UniqueIdentifier>
    </Filter>
    <Filter Include="base">
      <UniqueIdentifier>{4c8b2d5f-c694-4040-9d37-9dc455d2da77}</UniqueIdentifier>
    </Filter>
    <Filter Include="base\error">
      <UniqueIdentifier>{5b10e384-e06e-472d-b703-ee15e7282c0f}</UniqueIdentifier>
    </Filter>
    <Filter Include="core">
      <UniqueIdentifier>{8f87b7b4-8ad2-4952-bf1a-7ef660085d78}</UniqueIdentifier>
    </Filter>
    <Filter Include="core\error">
      <UniqueIdentifier>{3b51f009-a361-43cf-bf06-5667d5ff2762}</UniqueIdentifier>
    </Filter>
    <Filter Include="core\zip">
      <UniqueIdentifier>{49ef9502-6de8-4790-80f2-17f253a06fc5}</UniqueIdentifier>
    </Filter>
    <Filter Include="definitions">
      <UniqueIdentifier>{070114b9-5ab0-4d94-80b5-56cf4cb0473f}</UniqueIdentifier>
    </Filter>
    <Filter Include="strategy">
      <UniqueIdentifier>{cc5c7263-6500-48ab-87dd-2f822e3c82c6}</UniqueIdentifier>
    </Filter>
    <Filter Include="strategy\xml">
      <UniqueIdentifier>{36b4912a-4fa6-48c9-971e-ec621a92def1}</UniqueIdentifier>
    </Filter>
  </ItemGroup>
  <ItemGroup>
    <ClCompile Include="main.cpp">
      <Filter>Source Files</Filter>
    </ClCompile>
    <ClCompile Include="..\AnalyzerLib\core\Byte.cpp">
      <Filter>core</Filter>
    </ClCompile>
    <ClCompile Include="..\AnalyzerLib\core\error\CoreException.cpp">
      <Filter>core\error</Filter>
    </ClCompile>
    <ClCompile Include="..\AnalyzerLib\core\BasicType.cpp">
      <Filter>core</Filter>
    </ClCompile>
    <ClCompile Include="..\AnalyzerLib\core\Word.cpp">
      <Filter>core</Filter>
    </ClCompile>
    <ClCompile Include="..\AnalyzerLib\core\ByteCollection.cpp">
      <Filter>core</Filter>
    </ClCompile>
    <ClCompile Include="..\AnalyzerLib\interpreter\BinaryStyleInterpreter.cpp">
      <Filter>Interpreter</Filter>
    </ClCompile>
    <ClCompile Include="..\AnalyzerLib\interpreter\TextGlyph.cpp">
      <Filter>Interpreter</Filter>
    </ClCompile>
    <ClCompile Include="..\AnalyzerLib\interpreter\strategy\DefaultPlainTextStrategy.cpp">
      <Filter>Interpreter\strategy</Filter>
    </ClCompile>
    <ClCompile Include="..\AnalyzerLib\interpreter\strategy\InterpretStrategyImpl.cpp">
      <Filter>Interpreter\strategy</Filter>
    </ClCompile>
    <ClCompile Include="..\AnalyzerLib\interpreter\InterpreterObserverImpl.cpp">
      <Filter>Interpreter</Filter>
    </ClCompile>
    <ClCompile Include="..\AnalyzerLib\base\AnalyzerBase.cpp">
      <Filter>base</Filter>
    </ClCompile>
    <ClCompile Include="..\AnalyzerLib\interpreter\TextStyleInterpreter.cpp">
      <Filter>Interpreter</Filter>
    </ClCompile>
    <ClCompile Include="..\AnalyzerLib\interpreter\InterpreterDataImpl.cpp">
      <Filter>Interpreter</Filter>
    </ClCompile>
    <ClCompile Include="..\AnalyzerLib\core\zip\ZIPContainer.cpp">
      <Filter>core\zip</Filter>
    </ClCompile>
    <ClCompile Include="..\AnalyzerLib\core\zip\miniz.c">
      <Filter>core\zip</Filter>
    </ClCompile>
    <ClCompile Include="..\AnalyzerLib\core\File.cpp">
      <Filter>core</Filter>
    </ClCompile>
    <ClCompile Include="..\AnalyzerLib\definitions\DefinitionDB.cpp">
      <Filter>definitions</Filter>
    </ClCompile>
    <ClCompile Include="..\AnalyzerLib\definitions\DefinitionSource.cpp">
      <Filter>definitions</Filter>
    </ClCompile>
    <ClCompile Include="..\AnalyzerLib\definitions\DefinitionVault.cpp">
      <Filter>definitions</Filter>
    </ClCompile>
    <ClCompile Include="..\AnalyzerLib\definitions\LocalDefinition.cpp">
      <Filter>definitions</Filter>
    </ClCompile>
    <ClCompile Include="..\AnalyzerLib\definitions\Definition.cpp">
      <Filter>definitions</Filter>
    </ClCompile>
    <ClCompile Include="..\AnalyzerLib\definitions\TextDefinition.cpp">
      <Filter>definitions</Filter>
    </ClCompile>
    <ClCompile Include="..\AnalyzerLib\strategy\AnalyzingStrategy.cpp">
      <Filter>strategy</Filter>
    </ClCompile>
    <ClCompile Include="..\AnalyzerLib\strategy\Result.cpp">
      <Filter>strategy</Filter>
    </ClCompile>
    <ClCompile Include="..\AnalyzerLib\strategy\xml\XMLStrategy.cpp">
      <Filter>strategy\xml</Filter>
    </ClCompile>
    <ClCompile Include="..\AnalyzerLib\core\FormatFinder.cpp">
      <Filter>core</Filter>
    </ClCompile>
  </ItemGroup>
  <ItemGroup>
    <ClInclude Include="core\ByteTest.h">
      <Filter>core</Filter>
    </ClInclude>
    <ClInclude Include="..\AnalyzerLib\core\Byte.h">
      <Filter>core</Filter>
    </ClInclude>
    <ClInclude Include="..\AnalyzerLib\core\error\CoreException.h">
      <Filter>core\error</Filter>
    </ClInclude>
    <ClInclude Include="..\AnalyzerLib\core\BasicType.h">
      <Filter>core</Filter>
    </ClInclude>
    <ClInclude Include="core\BasicTypeTest.h">
      <Filter>core</Filter>
    </ClInclude>
    <ClInclude Include="core\WordTest.h">
      <Filter>core</Filter>
    </ClInclude>
    <ClInclude Include="..\AnalyzerLib\core\Word.h">
      <Filter>core</Filter>
    </ClInclude>
    <ClInclude Include="core\ByteCollectionTest.h">
      <Filter>core</Filter>
    </ClInclude>
    <ClInclude Include="..\AnalyzerLib\core\ByteCollection.h">
      <Filter>core</Filter>
    </ClInclude>
    <ClInclude Include="interpreter\BinaryStyleInterpreterTest.h">
      <Filter>Interpreter</Filter>
    </ClInclude>
    <ClInclude Include="..\AnalyzerLib\interpreter\BinaryStyleInterpreter.h">
      <Filter>Interpreter</Filter>
    </ClInclude>
    <ClInclude Include="..\AnalyzerLib\interpreter\Interpreter.h">
      <Filter>Interpreter</Filter>
    </ClInclude>
    <ClInclude Include="interpreter\TextGlyphTest.h">
      <Filter>Interpreter</Filter>
    </ClInclude>
    <ClInclude Include="..\AnalyzerLib\interpreter\TextGlyph.h">
      <Filter>Interpreter</Filter>
    </ClInclude>
    <ClInclude Include="interpreter\strategy\InterpreterStrategyTest.h">
      <Filter>Interpreter\strategy</Filter>
    </ClInclude>
    <ClInclude Include="..\AnalyzerLib\interpreter\strategy\DefaultPlainTextStrategy.h">
      <Filter>Interpreter\strategy</Filter>
    </ClInclude>
    <ClInclude Include="..\AnalyzerLib\interpreter\strategy\InterpretStartegy.h">
      <Filter>Interpreter\strategy</Filter>
    </ClInclude>
    <ClInclude Include="..\AnalyzerLib\interpreter\strategy\InterpretStrategyImpl.h">
      <Filter>Interpreter\strategy</Filter>
    </ClInclude>
    <ClInclude Include="interpreter\strategy\DefaultTextTest.h">
      <Filter>Interpreter\strategy</Filter>
    </ClInclude>
    <ClInclude Include="..\AnalyzerLib\interpreter\error\InterpreterException.h">
      <Filter>Interpreter\error</Filter>
    </ClInclude>
    <ClInclude Include="..\AnalyzerLib\interpreter\TextChangedObserver.h">
      <Filter>Interpreter</Filter>
    </ClInclude>
    <ClInclude Include="interpreter\TextChangedObserverTest.h">
      <Filter>Interpreter</Filter>
    </ClInclude>
    <ClInclude Include="..\AnalyzerLib\interpreter\InterpreterObserverImpl.h">
      <Filter>Interpreter</Filter>
    </ClInclude>
    <ClInclude Include="..\AnalyzerLib\base\AnalyzerBase.h">
      <Filter>base</Filter>
    </ClInclude>
    <ClInclude Include="base\AnalyzerBaseTest.h">
      <Filter>base</Filter>
    </ClInclude>
    <ClInclude Include="interpreter\TextStyleInterpreterTest.h">
      <Filter>Interpreter</Filter>
    </ClInclude>
    <ClInclude Include="..\AnalyzerLib\interpreter\TextStyleInterpreter.h">
      <Filter>Interpreter</Filter>
    </ClInclude>
    <ClInclude Include="..\AnalyzerLib\interpreter\InterpreterDataImpl.h">
      <Filter>Interpreter</Filter>
    </ClInclude>
    <ClInclude Include="..\AnalyzerLib\base\AnalyzerBaseObserver.h">
      <Filter>base</Filter>
    </ClInclude>
    <ClInclude Include="..\AnalyzerLib\base\error\AnalyzerBaseException.h">
      <Filter>base\error</Filter>
    </ClInclude>
    <ClInclude Include="core\zip\ZIPContainerTest.h">
      <Filter>core\zip</Filter>
    </ClInclude>
    <ClInclude Include="..\AnalyzerLib\core\zip\ZIPContainer.h">
      <Filter>core\zip</Filter>
    </ClInclude>
    <ClInclude Include="core\FileTest.h">
      <Filter>core</Filter>
    </ClInclude>
    <ClInclude Include="..\AnalyzerLib\core\File.h">
      <Filter>core</Filter>
    </ClInclude>
    <ClInclude Include="..\AnalyzerLib\base\error\DBException.h">
      <Filter>base\error</Filter>
    </ClInclude>
    <ClInclude Include="definitions\DefinitionDBTest.h">
      <Filter>definitions</Filter>
    </ClInclude>
    <ClInclude Include="definitions\DefinitionSourceTest.h">
      <Filter>definitions</Filter>
    </ClInclude>
    <ClInclude Include="definitions\DefinitionVaultTest.h">
      <Filter>definitions</Filter>
    </ClInclude>
    <ClInclude Include="definitions\LocalDefinitionTest.h">
      <Filter>definitions</Filter>
    </ClInclude>
    <ClInclude Include="..\AnalyzerLib\definitions\DefinitionDB.h">
      <Filter>definitions</Filter>
    </ClInclude>
    <ClInclude Include="..\AnalyzerLib\definitions\DefinitionSource.h">
      <Filter>definitions</Filter>
    </ClInclude>
    <ClInclude Include="..\AnalyzerLib\definitions\DefinitionVault.h">
      <Filter>definitions</Filter>
    </ClInclude>
    <ClInclude Include="..\AnalyzerLib\definitions\LocalDefinition.h">
      <Filter>definitions</Filter>
    </ClInclude>
    <ClInclude Include="..\AnalyzerLib\definitions\Definition.h">
      <Filter>definitions</Filter>
    </ClInclude>
    <ClInclude Include="definitions\DefinitionTest.h">
      <Filter>definitions</Filter>
    </ClInclude>
    <ClInclude Include="definitions\TextDefinitionTest.h">
      <Filter>definitions</Filter>
    </ClInclude>
    <ClInclude Include="..\AnalyzerLib\definitions\TextDefinition.h">
      <Filter>definitions</Filter>
    </ClInclude>
    <ClInclude Include="..\AnalyzerLib\strategy\AnalyzingStrategy.h">
      <Filter>strategy</Filter>
    </ClInclude>
    <ClInclude Include="strategy\AnalyzingStrategyTest.h">
      <Filter>strategy</Filter>
    </ClInclude>
    <ClInclude Include="strategy\ResultTest.h">
      <Filter>strategy</Filter>
    </ClInclude>
    <ClInclude Include="..\AnalyzerLib\strategy\Result.h">
      <Filter>strategy</Filter>
    </ClInclude>
    <ClInclude Include="strategy\xml\XMLStrategyTest.h">
      <Filter>strategy\xml</Filter>
    </ClInclude>
    <ClInclude Include="..\AnalyzerLib\strategy\xml\XMLStrategy.h">
      <Filter>strategy\xml</Filter>
    </ClInclude>
    <ClInclude Include="core\FormatFinderTest.h">
      <Filter>core</Filter>
    </ClInclude>
    <ClInclude Include="..\AnalyzerLib\core\FormatFinder.h">
      <Filter>core</Filter>
    </ClInclude>
  </ItemGroup>
</Project>