<?xml version="1.0" encoding="utf-8"?>
<Project ToolsVersion="4.0" xmlns="http://schemas.microsoft.com/developer/msbuild/2003">
  <ItemGroup>
    <Filter Include="Resource Files">
      <UniqueIdentifier>{67DA6AB6-F800-4c08-8B7A-83BB121AAD01}</UniqueIdentifier>
      <Extensions>rc;ico;cur;bmp;dlg;rc2;rct;bin;rgs;gif;jpg;jpeg;jpe;resx;tiff;tif;png;wav;mfcribbon-ms</Extensions>
    </Filter>
    <Filter Include="core">
      <UniqueIdentifier>{96d98b57-cd26-41b6-8e45-0be1f000f0c0}</UniqueIdentifier>
    </Filter>
    <Filter Include="core\error">
      <UniqueIdentifier>{2b538e63-557f-46da-a7ad-501101dd947b}</UniqueIdentifier>
    </Filter>
    <Filter Include="interpreter">
      <UniqueIdentifier>{8bfc9365-63e6-4662-961f-604a3963e9ad}</UniqueIdentifier>
    </Filter>
    <Filter Include="interpreter\strategy">
      <UniqueIdentifier>{4b10ee82-1356-4bb0-8bec-0e74eb375224}</UniqueIdentifier>
    </Filter>
    <Filter Include="interpreter\error">
      <UniqueIdentifier>{e0762845-f015-4b4d-be4b-7b252c8f2b44}</UniqueIdentifier>
    </Filter>
    <Filter Include="base">
      <UniqueIdentifier>{3fc712d6-0712-4ca6-b1f6-84c54e8c5c92}</UniqueIdentifier>
    </Filter>
    <Filter Include="base\error">
      <UniqueIdentifier>{62d2f8c3-88f2-4404-bd16-c3daeda3db86}</UniqueIdentifier>
    </Filter>
    <Filter Include="core\zip">
      <UniqueIdentifier>{f723062e-eecc-4217-85d8-de22db08bad6}</UniqueIdentifier>
    </Filter>
  </ItemGroup>
  <ItemGroup>
    <ClCompile Include="core\Byte.cpp">
      <Filter>core</Filter>
    </ClCompile>
    <ClCompile Include="core\error\CoreException.cpp">
      <Filter>core\error</Filter>
    </ClCompile>
    <ClCompile Include="core\BasicType.cpp">
      <Filter>core</Filter>
    </ClCompile>
    <ClCompile Include="core\Word.cpp">
      <Filter>core</Filter>
    </ClCompile>
    <ClCompile Include="core\ByteCollection.cpp">
      <Filter>core</Filter>
    </ClCompile>
    <ClCompile Include="interpreter\BinaryStyleInterpreter.cpp">
      <Filter>interpreter</Filter>
    </ClCompile>
    <ClCompile Include="interpreter\TextGlyph.cpp">
      <Filter>interpreter</Filter>
    </ClCompile>
    <ClCompile Include="interpreter\strategy\DefaultPlainTextStrategy.cpp">
      <Filter>interpreter\strategy</Filter>
    </ClCompile>
    <ClCompile Include="interpreter\strategy\InterpretStrategyImpl.cpp">
      <Filter>interpreter\strategy</Filter>
    </ClCompile>
    <ClCompile Include="interpreter\InterpreterObserverImpl.cpp">
      <Filter>interpreter</Filter>
    </ClCompile>
    <ClCompile Include="base\AnalyzerBase.cpp">
      <Filter>base</Filter>
    </ClCompile>
    <ClCompile Include="interpreter\TextStyleInterpreter.cpp">
      <Filter>interpreter</Filter>
    </ClCompile>
    <ClCompile Include="interpreter\InterpreterDataImpl.cpp">
      <Filter>interpreter</Filter>
    </ClCompile>
    <ClCompile Include="core\zip\ZIPContainer.cpp">
      <Filter>core\zip</Filter>
    </ClCompile>
    <ClCompile Include="core\zip\miniz.c">
      <Filter>core\zip</Filter>
    </ClCompile>
    <ClCompile Include="core\File.cpp">
      <Filter>core</Filter>
    </ClCompile>
    <ClCompile Include="base\DefinitionDB.cpp">
      <Filter>base</Filter>
    </ClCompile>
    <ClCompile Include="base\LocalDefinition.cpp">
      <Filter>base</Filter>
    </ClCompile>
    <ClCompile Include="base\DefinitionVault.cpp">
      <Filter>base</Filter>
    </ClCompile>
  </ItemGroup>
  <ItemGroup>
    <ClInclude Include="core\Byte.h">
      <Filter>core</Filter>
    </ClInclude>
    <ClInclude Include="core\error\CoreException.h">
      <Filter>core\error</Filter>
    </ClInclude>
    <ClInclude Include="core\BasicType.h">
      <Filter>core</Filter>
    </ClInclude>
    <ClInclude Include="core\Word.h">
      <Filter>core</Filter>
    </ClInclude>
    <ClInclude Include="core\ByteCollection.h">
      <Filter>core</Filter>
    </ClInclude>
    <ClInclude Include="interpreter\Interpreter.h">
      <Filter>interpreter</Filter>
    </ClInclude>
    <ClInclude Include="interpreter\BinaryStyleInterpreter.h">
      <Filter>interpreter</Filter>
    </ClInclude>
    <ClInclude Include="interpreter\TextGlyph.h">
      <Filter>interpreter</Filter>
    </ClInclude>
    <ClInclude Include="interpreter\strategy\DefaultPlainTextStrategy.h">
      <Filter>interpreter\strategy</Filter>
    </ClInclude>
    <ClInclude Include="interpreter\strategy\InterpretStrategyImpl.h">
      <Filter>interpreter\strategy</Filter>
    </ClInclude>
    <ClInclude Include="interpreter\strategy\InterpretStrategy.h">
      <Filter>interpreter\strategy</Filter>
    </ClInclude>
    <ClInclude Include="interpreter\error\InterpreterException.h">
      <Filter>interpreter\error</Filter>
    </ClInclude>
    <ClInclude Include="interpreter\TextChangedObserver.h">
      <Filter>interpreter</Filter>
    </ClInclude>
    <ClInclude Include="interpreter\InterpreterObserverImpl.h">
      <Filter>interpreter</Filter>
    </ClInclude>
    <ClInclude Include="base\AnalyzerBase.h">
      <Filter>base</Filter>
    </ClInclude>
    <ClInclude Include="interpreter\TextStyleInterpreter.h">
      <Filter>interpreter</Filter>
    </ClInclude>
    <ClInclude Include="interpreter\InterpreterDataImpl.h">
      <Filter>interpreter</Filter>
    </ClInclude>
    <ClInclude Include="base\AnalyzerBaseObserver.h">
      <Filter>base</Filter>
    </ClInclude>
    <ClInclude Include="base\error\AnalyzerBaseException.h">
      <Filter>base\error</Filter>
    </ClInclude>
    <ClInclude Include="core\zip\ZIPContainer.h">
      <Filter>core\zip</Filter>
    </ClInclude>
    <ClInclude Include="core\File.h">
      <Filter>core</Filter>
    </ClInclude>
    <ClInclude Include="base\DefinitionDB.h">
      <Filter>base</Filter>
    </ClInclude>
    <ClInclude Include="base\error\DBException.h">
      <Filter>base\error</Filter>
    </ClInclude>
    <ClInclude Include="base\LocalDefinition.h">
      <Filter>base</Filter>
    </ClInclude>
    <ClInclude Include="base\DefinitionVault.h">
      <Filter>base</Filter>
    </ClInclude>
  </ItemGroup>
</Project>