<?xml version="1.0" encoding="utf-8"?>
<Project ToolsVersion="4.0" xmlns="http://schemas.microsoft.com/developer/msbuild/2003">
  <ItemGroup>
    <Filter Include="Resource Files">
      <UniqueIdentifier>{67DA6AB6-F800-4c08-8B7A-83BB121AAD01}</UniqueIdentifier>
      <Extensions>rc;ico;cur;bmp;dlg;rc2;rct;bin;rgs;gif;jpg;jpeg;jpe;resx;tiff;tif;png;wav;mfcribbon-ms</Extensions>
    </Filter>
    <Filter Include="core">
      <UniqueIdentifier>{96d98b57-cd26-41b6-8e45-0be1f000f0c0}</UniqueIdentifier>
    </Filter>
    <Filter Include="core\error">
      <UniqueIdentifier>{2b538e63-557f-46da-a7ad-501101dd947b}</UniqueIdentifier>
    </Filter>
    <Filter Include="interpreter">
      <UniqueIdentifier>{8bfc9365-63e6-4662-961f-604a3963e9ad}</UniqueIdentifier>
    </Filter>
    <Filter Include="interpreter\error">
      <UniqueIdentifier>{e0762845-f015-4b4d-be4b-7b252c8f2b44}</UniqueIdentifier>
    </Filter>
    <Filter Include="base">
      <UniqueIdentifier>{3fc712d6-0712-4ca6-b1f6-84c54e8c5c92}</UniqueIdentifier>
    </Filter>
    <Filter Include="base\error">
      <UniqueIdentifier>{62d2f8c3-88f2-4404-bd16-c3daeda3db86}</UniqueIdentifier>
    </Filter>
    <Filter Include="core\zip">
      <UniqueIdentifier>{f723062e-eecc-4217-85d8-de22db08bad6}</UniqueIdentifier>
    </Filter>
    <Filter Include="interpreter\formatter">
      <UniqueIdentifier>{78f73c97-f2ab-4035-9a7c-ba67afab6e2b}</UniqueIdentifier>
    </Filter>
    <Filter Include="service">
      <UniqueIdentifier>{06e3e1d1-a339-43bf-8611-9bdbc45f1044}</UniqueIdentifier>
    </Filter>
    <Filter Include="interpreter\HTML">
      <UniqueIdentifier>{a1019da8-16f4-484e-a2fc-ab8dc98d2527}</UniqueIdentifier>
    </Filter>
    <Filter Include="interpreter\pdf">
      <UniqueIdentifier>{20063553-ec95-4d7e-a720-6ccf5be0d5c3}</UniqueIdentifier>
    </Filter>
    <Filter Include="cast">
      <UniqueIdentifier>{a5ab61a3-9223-401b-9c10-f91af7185c63}</UniqueIdentifier>
    </Filter>
    <Filter Include="interpreter\PE">
      <UniqueIdentifier>{9ba73064-479c-4289-9f38-acdb270b1790}</UniqueIdentifier>
    </Filter>
    <Filter Include="contentchecker">
      <UniqueIdentifier>{6f156de3-4f70-48c8-aaa7-4c10bd12a389}</UniqueIdentifier>
    </Filter>
    <Filter Include="contentchecker\error">
      <UniqueIdentifier>{26c66f3f-2d3e-4074-a673-738b0b5ddeba}</UniqueIdentifier>
    </Filter>
  </ItemGroup>
  <ItemGroup>
    <ClCompile Include="core\error\CoreException.cpp">
      <Filter>core\error</Filter>
    </ClCompile>
    <ClCompile Include="base\AnalyzerBase.cpp">
      <Filter>base</Filter>
    </ClCompile>
    <ClCompile Include="core\zip\ZIPContainer.cpp">
      <Filter>core\zip</Filter>
    </ClCompile>
    <ClCompile Include="core\zip\miniz.c">
      <Filter>core\zip</Filter>
    </ClCompile>
    <ClCompile Include="core\File.cpp">
      <Filter>core</Filter>
    </ClCompile>
    <ClCompile Include="service\Update.cpp">
      <Filter>service</Filter>
    </ClCompile>
    <ClCompile Include="interpreter\InterpreterFactory.cpp">
      <Filter>interpreter</Filter>
    </ClCompile>
    <ClCompile Include="interpreter\ASCIIInterpreter.cpp">
      <Filter>interpreter</Filter>
    </ClCompile>
    <ClCompile Include="core\TypeAnalyzer.cpp">
      <Filter>core</Filter>
    </ClCompile>
    <ClCompile Include="interpreter\XMLInterpreter.cpp">
      <Filter>interpreter</Filter>
    </ClCompile>
    <ClCompile Include="interpreter\HTML\Document.cpp">
      <Filter>interpreter\HTML</Filter>
    </ClCompile>
    <ClCompile Include="interpreter\BMPInterpreter.cpp">
      <Filter>interpreter</Filter>
    </ClCompile>
    <ClCompile Include="interpreter\Interpreter.cpp">
      <Filter>interpreter</Filter>
    </ClCompile>
    <ClCompile Include="interpreter\formatter\ASCIIFormatter.cpp">
      <Filter>interpreter\formatter</Filter>
    </ClCompile>
    <ClCompile Include="interpreter\pdf\PDFInterpreter.cpp">
      <Filter>interpreter\pdf</Filter>
    </ClCompile>
    <ClCompile Include="interpreter\pdf\PDFObject.cpp">
      <Filter>interpreter\pdf</Filter>
    </ClCompile>
    <ClCompile Include="core\InternalFile.cpp">
      <Filter>core</Filter>
    </ClCompile>
    <ClCompile Include="core\PrimaryFile.cpp">
      <Filter>core</Filter>
    </ClCompile>
    <ClCompile Include="interpreter\HEXInterpreter.cpp">
      <Filter>interpreter</Filter>
    </ClCompile>
    <ClCompile Include="cast\CastPool.cpp">
      <Filter>cast</Filter>
    </ClCompile>
    <ClCompile Include="cast\Cast.cpp">
      <Filter>cast</Filter>
    </ClCompile>
    <ClCompile Include="cast\CastFactory.cpp">
      <Filter>cast</Filter>
    </ClCompile>
    <ClCompile Include="cast\SingleByteCast.cpp">
      <Filter>cast</Filter>
    </ClCompile>
    <ClCompile Include="interpreter\PE\PEInterpreter.cpp">
      <Filter>interpreter\PE</Filter>
    </ClCompile>
    <ClCompile Include="base\ApplicationSettings.cpp">
      <Filter>base</Filter>
    </ClCompile>
    <ClCompile Include="contentchecker\ContentChecker.cpp">
      <Filter>contentchecker</Filter>
    </ClCompile>
    <ClCompile Include="contentchecker\ContentCheckerVault.cpp">
      <Filter>contentchecker</Filter>
    </ClCompile>
    <ClCompile Include="contentchecker\ExtraordinaryChecker.cpp">
      <Filter>contentchecker</Filter>
    </ClCompile>
  </ItemGroup>
  <ItemGroup>
    <ClInclude Include="core\error\CoreException.h">
      <Filter>core\error</Filter>
    </ClInclude>
    <ClInclude Include="interpreter\Interpreter.h">
      <Filter>interpreter</Filter>
    </ClInclude>
    <ClInclude Include="interpreter\error\InterpreterException.h">
      <Filter>interpreter\error</Filter>
    </ClInclude>
    <ClInclude Include="base\AnalyzerBase.h">
      <Filter>base</Filter>
    </ClInclude>
    <ClInclude Include="base\AnalyzerBaseObserver.h">
      <Filter>base</Filter>
    </ClInclude>
    <ClInclude Include="base\error\AnalyzerBaseException.h">
      <Filter>base\error</Filter>
    </ClInclude>
    <ClInclude Include="core\zip\ZIPContainer.h">
      <Filter>core\zip</Filter>
    </ClInclude>
    <ClInclude Include="core\File.h">
      <Filter>core</Filter>
    </ClInclude>
    <ClInclude Include="base\error\DBException.h">
      <Filter>base\error</Filter>
    </ClInclude>
    <ClInclude Include="base\BaseData.h">
      <Filter>base</Filter>
    </ClInclude>
    <ClInclude Include="service\Update.h">
      <Filter>service</Filter>
    </ClInclude>
    <ClInclude Include="base\AnalyzingOptions.h">
      <Filter>base</Filter>
    </ClInclude>
    <ClInclude Include="interpreter\InterpreterFactory.h">
      <Filter>interpreter</Filter>
    </ClInclude>
    <ClInclude Include="interpreter\ASCIIInterpreter.h">
      <Filter>interpreter</Filter>
    </ClInclude>
    <ClInclude Include="core\FileInfo.h">
      <Filter>core</Filter>
    </ClInclude>
    <ClInclude Include="core\TypeAnalyzer.h">
      <Filter>core</Filter>
    </ClInclude>
    <ClInclude Include="interpreter\XMLInterpreter.h">
      <Filter>interpreter</Filter>
    </ClInclude>
    <ClInclude Include="interpreter\HTML\Document.h">
      <Filter>interpreter\HTML</Filter>
    </ClInclude>
    <ClInclude Include="interpreter\HTML\BodyElement.h">
      <Filter>interpreter\HTML</Filter>
    </ClInclude>
    <ClInclude Include="interpreter\HTML\Heading.h">
      <Filter>interpreter\HTML</Filter>
    </ClInclude>
    <ClInclude Include="interpreter\HTML\Paragraph.h">
      <Filter>interpreter\HTML</Filter>
    </ClInclude>
    <ClInclude Include="interpreter\HTML\Table.h">
      <Filter>interpreter\HTML</Filter>
    </ClInclude>
    <ClInclude Include="interpreter\BMPInterpreter.h">
      <Filter>interpreter</Filter>
    </ClInclude>
    <ClInclude Include="interpreter\formatter\ASCIIFormatter.h">
      <Filter>interpreter\formatter</Filter>
    </ClInclude>
    <ClInclude Include="interpreter\pdf\PDFInterpreter.h">
      <Filter>interpreter\pdf</Filter>
    </ClInclude>
    <ClInclude Include="interpreter\pdf\PDFObject.h">
      <Filter>interpreter\pdf</Filter>
    </ClInclude>
    <ClInclude Include="core\InternalFile.h">
      <Filter>core</Filter>
    </ClInclude>
    <ClInclude Include="core\PrimaryFile.h">
      <Filter>core</Filter>
    </ClInclude>
    <ClInclude Include="core\FileObserver.h">
      <Filter>core</Filter>
    </ClInclude>
    <ClInclude Include="interpreter\InterpreterObserver.h">
      <Filter>interpreter</Filter>
    </ClInclude>
    <ClInclude Include="interpreter\HEXInterpreter.h">
      <Filter>interpreter</Filter>
    </ClInclude>
    <ClInclude Include="interpreter\formatter\ASCIITable.h">
      <Filter>interpreter\formatter</Filter>
    </ClInclude>
    <ClInclude Include="cast\CastPool.h">
      <Filter>cast</Filter>
    </ClInclude>
    <ClInclude Include="cast\Cast.h">
      <Filter>cast</Filter>
    </ClInclude>
    <ClInclude Include="cast\CastFactory.h">
      <Filter>cast</Filter>
    </ClInclude>
    <ClInclude Include="cast\EmptyCast.h">
      <Filter>cast</Filter>
    </ClInclude>
    <ClInclude Include="cast\SingleByteCast.h">
      <Filter>cast</Filter>
    </ClInclude>
    <ClInclude Include="interpreter\PE\PEInterpreter.h">
      <Filter>interpreter\PE</Filter>
    </ClInclude>
    <ClInclude Include="base\ApplicationSettings.h">
      <Filter>base</Filter>
    </ClInclude>
    <ClInclude Include="interpreter\PE\COFFHeader.h">
      <Filter>interpreter\PE</Filter>
    </ClInclude>
    <ClInclude Include="interpreter\PE\DOSHeader.h">
      <Filter>interpreter\PE</Filter>
    </ClInclude>
    <ClInclude Include="interpreter\PE\PEOptionalHeader.h">
      <Filter>interpreter\PE</Filter>
    </ClInclude>
    <ClInclude Include="contentchecker\ContentChecker.h">
      <Filter>contentchecker</Filter>
    </ClInclude>
    <ClInclude Include="contentchecker\CheckObserver.h">
      <Filter>contentchecker</Filter>
    </ClInclude>
    <ClInclude Include="contentchecker\error\ContentCheckException.h">
      <Filter>contentchecker\error</Filter>
    </ClInclude>
    <ClInclude Include="contentchecker\ContentCheckerVault.h">
      <Filter>contentchecker</Filter>
    </ClInclude>
    <ClInclude Include="contentchecker\ExtraordinaryChecker.h">
      <Filter>contentchecker</Filter>
    </ClInclude>
  </ItemGroup>
</Project>